[root]
name = "ion-shell"
version = "1.0.3"
dependencies = [
 "ansi_term 0.9.0 (registry+https://github.com/rust-lang/crates.io-index)",
 "fnv 1.0.5 (registry+https://github.com/rust-lang/crates.io-index)",
 "glob 0.2.11 (registry+https://github.com/rust-lang/crates.io-index)",
 "liner 0.2.1 (registry+https://github.com/rust-lang/crates.io-index)",
 "peg 0.5.3 (registry+https://github.com/rust-lang/crates.io-index)",
 "permutate 0.3.2 (registry+https://github.com/rust-lang/crates.io-index)",
 "smallstring 0.1.2 (registry+https://github.com/rust-lang/crates.io-index)",
 "smallvec 0.4.0 (registry+https://github.com/rust-lang/crates.io-index)",
 "unicode-segmentation 1.2.0 (registry+https://github.com/rust-lang/crates.io-index)",
 "users 0.5.2 (registry+https://github.com/rust-lang/crates.io-index)",
 "version_check 0.1.2 (registry+https://github.com/rust-lang/crates.io-index)",
]

[[package]]
name = "ansi_term"
version = "0.9.0"
source = "registry+https://github.com/rust-lang/crates.io-index"

[[package]]
name = "fnv"
version = "1.0.5"
source = "registry+https://github.com/rust-lang/crates.io-index"

[[package]]
name = "glob"
version = "0.2.11"
source = "registry+https://github.com/rust-lang/crates.io-index"

[[package]]
name = "libc"
version = "0.2.24"
source = "registry+https://github.com/rust-lang/crates.io-index"

[[package]]
name = "liner"
version = "0.2.1"
source = "registry+https://github.com/rust-lang/crates.io-index"
dependencies = [
 "termion 1.4.0 (registry+https://github.com/rust-lang/crates.io-index)",
 "unicode-width 0.1.4 (registry+https://github.com/rust-lang/crates.io-index)",
]

[[package]]
name = "peg"
version = "0.5.3"
source = "registry+https://github.com/rust-lang/crates.io-index"
dependencies = [
 "quote 0.3.15 (registry+https://github.com/rust-lang/crates.io-index)",
]

[[package]]
name = "permutate"
version = "0.3.2"
source = "registry+https://github.com/rust-lang/crates.io-index"

[[package]]
name = "quote"
version = "0.3.15"
source = "registry+https://github.com/rust-lang/crates.io-index"

[[package]]
name = "smallstring"
version = "0.1.2"
source = "registry+https://github.com/rust-lang/crates.io-index"
dependencies = [
 "smallvec 0.3.3 (registry+https://github.com/rust-lang/crates.io-index)",
]

[[package]]
name = "smallvec"
version = "0.3.3"
source = "registry+https://github.com/rust-lang/crates.io-index"

[[package]]
name = "smallvec"
version = "0.4.0"
source = "registry+https://github.com/rust-lang/crates.io-index"

[[package]]
name = "termion"
version = "1.4.0"
source = "registry+https://github.com/rust-lang/crates.io-index"
dependencies = [
 "libc 0.2.24 (registry+https://github.com/rust-lang/crates.io-index)",
]

[[package]]
name = "unicode-segmentation"
version = "1.2.0"
source = "registry+https://github.com/rust-lang/crates.io-index"

[[package]]
name = "unicode-width"
version = "0.1.4"
source = "registry+https://github.com/rust-lang/crates.io-index"

[[package]]
name = "users"
version = "0.5.2"
source = "registry+https://github.com/rust-lang/crates.io-index"
dependencies = [
 "libc 0.2.24 (registry+https://github.com/rust-lang/crates.io-index)",
]

[[package]]
name = "version_check"
version = "0.1.2"
source = "registry+https://github.com/rust-lang/crates.io-index"

[metadata]
"checksum ansi_term 0.9.0 (registry+https://github.com/rust-lang/crates.io-index)" = "23ac7c30002a5accbf7e8987d0632fa6de155b7c3d39d0067317a391e00a2ef6"
"checksum fnv 1.0.5 (registry+https://github.com/rust-lang/crates.io-index)" = "6cc484842f1e2884faf56f529f960cc12ad8c71ce96cc7abba0a067c98fee344"
"checksum glob 0.2.11 (registry+https://github.com/rust-lang/crates.io-index)" = "8be18de09a56b60ed0edf84bc9df007e30040691af7acd1c41874faac5895bfb"
"checksum libc 0.2.24 (registry+https://github.com/rust-lang/crates.io-index)" = "38f5c2b18a287cf78b4097db62e20f43cace381dc76ae5c0a3073067f78b7ddc"
"checksum liner 0.2.1 (registry+https://github.com/rust-lang/crates.io-index)" = "be444f90411a69a6b8078a81934c6fb4a1c898afe99917c37cb71ccaab5b31ba"
"checksum peg 0.5.3 (registry+https://github.com/rust-lang/crates.io-index)" = "69c03ddace9011ad766754f1b8a7b0aecad5e1405c34fc84b1cffc3bbf95c1de"
"checksum permutate 0.3.2 (registry+https://github.com/rust-lang/crates.io-index)" = "53b7d5b19a715ffab38693a9dd44b067fdfa2b18eef65bd93562dfe507022fae"
"checksum quote 0.3.15 (registry+https://github.com/rust-lang/crates.io-index)" = "7a6e920b65c65f10b2ae65c831a81a073a89edd28c7cce89475bff467ab4167a"
"checksum smallstring 0.1.2 (registry+https://github.com/rust-lang/crates.io-index)" = "30950abdb5b38f56a0e181ae56ed64a539b64fa77ea6325147203dc7faeb087f"
"checksum smallvec 0.3.3 (registry+https://github.com/rust-lang/crates.io-index)" = "4f8266519bc1d17d0b5b16f6c21295625d562841c708f6376f49028a43e9c11e"
"checksum smallvec 0.4.0 (registry+https://github.com/rust-lang/crates.io-index)" = "2e40af10aafe98b4d8294ae8388d8a5cd0707c65d364872efe72d063ec44bee0"
"checksum termion 1.4.0 (registry+https://github.com/rust-lang/crates.io-index)" = "9105678ba52491a8e38e67be7842435ac44d7797b9b05bcdad370b0c84559615"
"checksum unicode-segmentation 1.2.0 (registry+https://github.com/rust-lang/crates.io-index)" = "a8083c594e02b8ae1654ae26f0ade5158b119bd88ad0e8227a5d8fcd72407946"
"checksum unicode-width 0.1.4 (registry+https://github.com/rust-lang/crates.io-index)" = "bf3a113775714a22dcb774d8ea3655c53a32debae63a063acc00a91cc586245f"
"checksum users 0.5.2 (registry+https://github.com/rust-lang/crates.io-index)" = "a7ae8fdf783cb9652109c99886459648feb92ecc749e6b8e7930f6decba74c7c"
"checksum version_check 0.1.2 (registry+https://github.com/rust-lang/crates.io-index)" = "2bb3950bf29e36796dea723df1747619dd331881aefef75b7cf1c58fdd738afe"
